{
  "name": "blog",
  "version": "1.0.0",
  "lockfileVersion": 1,
  "requires": true,
  "dependencies": {
    "vue-click-outside": {
      "version": "1.0.7",
      "resolved": "https://registry.npmjs.org/vue-click-outside/-/vue-click-outside-1.0.7.tgz",
      "integrity": "sha1-zdKxYF48SUR4TheU6uShKg9wC9Y="
    },
    "vuepress-theme-yuu": {
      "version": "2.2.0",
      "resolved": "https://registry.npmjs.org/vuepress-theme-yuu/-/vuepress-theme-yuu-2.2.0.tgz",
      "integrity": "sha512-UdyOTrk6DEE+f9LXA6ZxD4cAQg/izGnAt+8ETRLa/G1rlKtJMuMlEfDY/RZox/YrzWp4/+wV3XlU7NCD8o4lgg==",
      "requires": {
        "vue-click-outside": "^1.0.7"
      }
    }
  }
}
