# THIS IS AN AUTOGENERATED FILE. DO NOT EDIT THIS FILE DIRECTLY.
# yarn lockfile v1


"@vuepress/plugin-google-analytics@^1.2.0":
  version "1.2.0"
  resolved "https://registry.yarnpkg.com/@vuepress/plugin-google-analytics/-/plugin-google-analytics-1.2.0.tgz#54555fd14f01a032c5acff04ecbbe0911577d7d0"
  integrity sha512-0zol5D4Efb5GKel7ADO/s65MLtKSLnOEGkeWzuipkWomSQPzP7TJ3+/RcYBnGdyBFHd1BSpTUHGK0b/IGwM3UA==

vue-click-outside@^1.0.7:
  version "1.0.7"
  resolved "https://registry.yarnpkg.com/vue-click-outside/-/vue-click-outside-1.0.7.tgz#cdd2b1605e3c4944784e1794eae4a12a0f700bd6"
  integrity sha1-zdKxYF48SUR4TheU6uShKg9wC9Y=

vuepress-theme-yuu@^2.2.0:
  version "2.2.1"
  resolved "https://registry.yarnpkg.com/vuepress-theme-yuu/-/vuepress-theme-yuu-2.2.1.tgz#b5d34e0df5f7fd5cd02ed550217fa050c84bb348"
  integrity sha512-3E6mGo0HEmTROnLXF2Tjju+dROyfPn1D8sW+LTLGpGNfo0dxAqT/SfWUUhEm+W4T2iZmSCNoZxosUxGFD4mc0Q==
  dependencies:
    vue-click-outside "^1.0.7"
